{
  "originHash" : "91e27a6d9973b3dc0b9c65415acfae3f053a2a532470d90ea20f9caec5e650cc",
  "pins" : [
    {
      "identity" : "sharedsettings",
      "kind" : "remoteSourceControl",
      "location" : "https://github.com/ios-tooling/SharedSettings",
      "state" : {
        "revision" : "4395df06263846d08938ad93e56c9ddcade6a076",
        "version" : "1.1.5"
      }
    },
    {
      "identity" : "swift-syntax",
      "kind" : "remoteSourceControl",
      "location" : "https://github.com/swiftlang/swift-syntax.git",
      "state" : {
        "revision" : "79e4b74a295b6eb74a8b585e3a39d29e70c1dbd1",
        "version" : "603.0.2"
      }
    }
  ],
  "version" : 3
}
